
Microsoft Visual Studio Solution File, Format Version 12.00
# Visual Studio 2013
VisualStudioVersion = 12.0.31101.0
MinimumVisualStudioVersion = 10.0.40219.1
Project("{FAE04EC0-301F-11D3-BF4B-00C04F79EFBC}") = "AsyncMvvm.Portable.Net45", "AsyncMvvm\Portable.Net45\AsyncMvvm.Portable.Net45.csproj", "{B7FCC9F1-D1E5-4BD3-96AF-1519395253CE}"
EndProject
Project("{FAE04EC0-301F-11D3-BF4B-00C04F79EFBC}") = "AsyncMvvm.Calculated.Portable.Net45", "AsyncMvvm.Calculated\Portable.Net45\AsyncMvvm.Calculated.Portable.Net45.csproj", "{2C0184CB-346E-4622-A22C-6AC1E06D0C81}"
EndProject
Global
	GlobalSection(SolutionConfigurationPlatforms) = preSolution
		Debug|Any CPU = Debug|Any CPU
		Release|Any CPU = Release|Any CPU
	EndGlobalSection
	GlobalSection(ProjectConfigurationPlatforms) = postSolution
		{B7FCC9F1-D1E5-4BD3-96AF-1519395253CE}.Debug|Any CPU.ActiveCfg = Debug|Any CPU
		{B7FCC9F1-D1E5-4BD3-96AF-1519395253CE}.Debug|Any CPU.Build.0 = Debug|Any CPU
		{B7FCC9F1-D1E5-4BD3-96AF-1519395253CE}.Release|Any CPU.ActiveCfg = Release|Any CPU
		{B7FCC9F1-D1E5-4BD3-96AF-1519395253CE}.Release|Any CPU.Build.0 = Release|Any CPU
		{2C0184CB-346E-4622-A22C-6AC1E06D0C81}.Debug|Any CPU.ActiveCfg = Debug|Any CPU
		{2C0184CB-346E-4622-A22C-6AC1E06D0C81}.Debug|Any CPU.Build.0 = Debug|Any CPU
		{2C0184CB-346E-4622-A22C-6AC1E06D0C81}.Release|Any CPU.ActiveCfg = Release|Any CPU
		{2C0184CB-346E-4622-A22C-6AC1E06D0C81}.Release|Any CPU.Build.0 = Release|Any CPU
	EndGlobalSection
	GlobalSection(SolutionProperties) = preSolution
		HideSolutionNode = FALSE
	EndGlobalSection
EndGlobal
